# THIS IS AN AUTOGENERATED FILE. DO NOT EDIT THIS FILE DIRECTLY.
# yarn lockfile v1


stylelint-config-prettier@^9.0.3:
  version "9.0.3"
  resolved "https://registry.yarnpkg.com/stylelint-config-prettier/-/stylelint-config-prettier-9.0.3.tgz#0dccebeff359dcc393c9229184408b08964d561c"
  integrity sha512-5n9gUDp/n5tTMCq1GLqSpA30w2sqWITSSEiAWQlpxkKGAUbjcemQ0nbkRvRUa0B1LgD3+hCvdL7B1eTxy1QHJg==

stylelint-config-recommended@^6.0.0:
  version "6.0.0"
  resolved "https://registry.yarnpkg.com/stylelint-config-recommended/-/stylelint-config-recommended-6.0.0.tgz#fd2523a322836005ad9bf473d3e5534719c09f9d"
  integrity sha512-ZorSSdyMcxWpROYUvLEMm0vSZud2uB7tX1hzBZwvVY9SV/uly4AvvJPPhCcymZL3fcQhEQG5AELmrxWqtmzacw==

stylelint-config-standard@^24.0.0:
  version "24.0.0"
  resolved "https://registry.yarnpkg.com/stylelint-config-standard/-/stylelint-config-standard-24.0.0.tgz#6823f207ab997ae0b641f9a636d007cc44d77541"
  integrity sha512-+RtU7fbNT+VlNbdXJvnjc3USNPZRiRVp/d2DxOF/vBDDTi0kH5RX2Ny6errdtZJH3boO+bmqIYEllEmok4jiuw==
  dependencies:
    stylelint-config-recommended "^6.0.0"
